// !$*UTF8*$!
{
	archiveVersion = 1;
	classes = {
	};
	objectVersion = 46;
	objects = {

/* Begin PBXBuildFile section */
		1D3623260D0F684500981E51 /* ChickenTossAppDelegate.mm in Sources */ = {isa = PBXBuildFile; fileRef = 1D3623250D0F684500981E51 /* ChickenTossAppDelegate.mm */; };
		1D60589B0D05DD56006BFB54 /* main.m in Sources */ = {isa = PBXBuildFile; fileRef = 29B97316FDCFA39411CA2CEA /* main.m */; };
		1D60589F0D05DD5A006BFB54 /* Foundation.framework in Frameworks */ = {isa = PBXBuildFile; fileRef = 1D30AB110D05D00D00671497 /* Foundation.framework */; };
		1DF5F4E00D08C38300B7A737 /* UIKit.framework in Frameworks */ = {isa = PBXBuildFile; fileRef = 1DF5F4DF0D08C38300B7A737 /* UIKit.framework */; };
		288765A50DF7441C002DB57D /* CoreGraphics.framework in Frameworks */ = {isa = PBXBuildFile; fileRef = 288765A40DF7441C002DB57D /* CoreGraphics.framework */; };
		28AD733F0D9D9553002E5188 /* MainWindow.xib in Resources */ = {isa = PBXBuildFile; fileRef = 28AD733E0D9D9553002E5188 /* MainWindow.xib */; };
		28D7ACF80DDB3853001CB0EB /* ChickenTossViewController.mm in Sources */ = {isa = PBXBuildFile; fileRef = 28D7ACF70DDB3853001CB0EB /* ChickenTossViewController.mm */; };
		84B3FEE21308643100E3126A /* AVFoundation.framework in Frameworks */ = {isa = PBXBuildFile; fileRef = 84B3FEE11308643100E3126A /* AVFoundation.framework */; };
		84B44E7A13057E89001BFA65 /* TrackMaker.cpp in Sources */ = {isa = PBXBuildFile; fileRef = 84B44E7813057E89001BFA65 /* TrackMaker.cpp */; };
		84B5007D1305F4A4003FD791 /* AudioToolbox.framework in Frameworks */ = {isa = PBXBuildFile; fileRef = 84B5007C1305F4A4003FD791 /* AudioToolbox.framework */; };
		84D56342131FC69A0038C890 /* HardViewController.xib in Resources */ = {isa = PBXBuildFile; fileRef = 84D562EE131FC69A0038C890 /* HardViewController.xib */; };
		84D56347131FC69A0038C890 /* arrow.png in Resources */ = {isa = PBXBuildFile; fileRef = 84D562F4131FC69A0038C890 /* arrow.png */; };
		84D56353131FC69A0038C890 /* menu_easy_button.png in Resources */ = {isa = PBXBuildFile; fileRef = 84D56300131FC69A0038C890 /* menu_easy_button.png */; };
		84D56365131FC69A0038C890 /* menu_hard_button.png in Resources */ = {isa = PBXBuildFile; fileRef = 84D56312131FC69A0038C890 /* menu_hard_button.png */; };
		84D56368131FC69A0038C890 /* Level1.png in Resources */ = {isa = PBXBuildFile; fileRef = 84D56315131FC69A0038C890 /* Level1.png */; };
		84D5636A131FC69A0038C890 /* Level2.png in Resources */ = {isa = PBXBuildFile; fileRef = 84D56317131FC69A0038C890 /* Level2.png */; };
		84D5636D131FC69A0038C890 /* Level3.png in Resources */ = {isa = PBXBuildFile; fileRef = 84D5631A131FC69A0038C890 /* Level3.png */; };
		84D5638B131FC69A0038C890 /* MediumViewController.xib in Resources */ = {isa = PBXBuildFile; fileRef = 84D56338131FC69A0038C890 /* MediumViewController.xib */; };
		84D5638D131FC69A0038C890 /* ChickenTossViewController.xib in Resources */ = {isa = PBXBuildFile; fileRef = 84D5633A131FC69A0038C890 /* ChickenTossViewController.xib */; };
		8B7B56541310BD34008200F2 /* MediumViewController.mm in Sources */ = {isa = PBXBuildFile; fileRef = 8B7B56521310BD34008200F2 /* MediumViewController.mm */; };
		8B7B56601310BECD008200F2 /* HardViewController.mm in Sources */ = {isa = PBXBuildFile; fileRef = 8B7B565E1310BECD008200F2 /* HardViewController.mm */; };
		8B7F3AAB1310B3860096455B /* EasyViewController.mm in Sources */ = {isa = PBXBuildFile; fileRef = 8B7F3AA91310B3860096455B /* EasyViewController.mm */; };
		B503131D15F0D010003711F0 /* BounceOut.mp3 in Resources */ = {isa = PBXBuildFile; fileRef = B503131615F0D010003711F0 /* BounceOut.mp3 */; };
		B503131E15F0D010003711F0 /* Level_Easy_BounceIn.mp3 in Resources */ = {isa = PBXBuildFile; fileRef = B503131715F0D010003711F0 /* Level_Easy_BounceIn.mp3 */; };
		B503131F15F0D010003711F0 /* Level_Easy_Miss.mp3 in Resources */ = {isa = PBXBuildFile; fileRef = B503131815F0D010003711F0 /* Level_Easy_Miss.mp3 */; };
		B503132015F0D010003711F0 /* Level_Hard_BounceIn.wav in Resources */ = {isa = PBXBuildFile; fileRef = B503131915F0D010003711F0 /* Level_Hard_BounceIn.wav */; };
		B503132115F0D010003711F0 /* Level_Hard_Miss.wav in Resources */ = {isa = PBXBuildFile; fileRef = B503131A15F0D010003711F0 /* Level_Hard_Miss.wav */; };
		B503132215F0D010003711F0 /* Level_Medium_BounceIn.mp3 in Resources */ = {isa = PBXBuildFile; fileRef = B503131B15F0D010003711F0 /* Level_Medium_BounceIn.mp3 */; };
		B503132315F0D010003711F0 /* Level_Medium_Miss.mp3 in Resources */ = {isa = PBXBuildFile; fileRef = B503131C15F0D010003711F0 /* Level_Medium_Miss.mp3 */; };
		B509201C15F1970700AA2D3E /* DogBark2Loud.mp3 in Resources */ = {isa = PBXBuildFile; fileRef = B509201915F1970700AA2D3E /* DogBark2Loud.mp3 */; };
		B509201D15F1970700AA2D3E /* GettingPrettyGood_1_Loud.mp3 in Resources */ = {isa = PBXBuildFile; fileRef = B509201A15F1970700AA2D3E /* GettingPrettyGood_1_Loud.mp3 */; };
		B509201E15F1970700AA2D3E /* one_love_Loud.mp3 in Resources */ = {isa = PBXBuildFile; fileRef = B509201B15F1970700AA2D3E /* one_love_Loud.mp3 */; };
		B509871815D752EE00D685DA /* Entitlements.plist in Resources */ = {isa = PBXBuildFile; fileRef = B509871715D752EE00D685DA /* Entitlements.plist */; };
		B5419FBF15D8EFED0023AF51 /* EasyViewController.xib in Resources */ = {isa = PBXBuildFile; fileRef = 84D562ED131FC69A0038C890 /* EasyViewController.xib */; };
		B5419FC215D8F8140023AF51 /* breeze_dark_L.png in Resources */ = {isa = PBXBuildFile; fileRef = B5419FC015D8F8140023AF51 /* breeze_dark_L.png */; };
		B5960DA315FA37E800278783 /* tutorial_1.png in Resources */ = {isa = PBXBuildFile; fileRef = B5960DA015FA37E800278783 /* tutorial_1.png */; };
		B5960DA415FA37E800278783 /* tutorial_2.png in Resources */ = {isa = PBXBuildFile; fileRef = B5960DA115FA37E800278783 /* tutorial_2.png */; };
		B5960DA515FA37E800278783 /* tutorial_3.png in Resources */ = {isa = PBXBuildFile; fileRef = B5960DA215FA37E800278783 /* tutorial_3.png */; };
		B5AD929415FACD9E0006B0DD /* breeze_box.png in Resources */ = {isa = PBXBuildFile; fileRef = B5AD929315FACD9E0006B0DD /* breeze_box.png */; };
		B5AD929E15FAD7310006B0DD /* chicken_01.png in Resources */ = {isa = PBXBuildFile; fileRef = B5AD929615FAD7310006B0DD /* chicken_01.png */; };
		B5AD929F15FAD7310006B0DD /* chicken_02.png in Resources */ = {isa = PBXBuildFile; fileRef = B5AD929715FAD7310006B0DD /* chicken_02.png */; };
		B5AD92A015FAD7310006B0DD /* chicken_03.png in Resources */ = {isa = PBXBuildFile; fileRef = B5AD929815FAD7310006B0DD /* chicken_03.png */; };
		B5AD92A115FAD7310006B0DD /* chicken_04.png in Resources */ = {isa = PBXBuildFile; fileRef = B5AD929915FAD7310006B0DD /* chicken_04.png */; };
		B5AD92A215FAD7310006B0DD /* chicken_05.png in Resources */ = {isa = PBXBuildFile; fileRef = B5AD929A15FAD7310006B0DD /* chicken_05.png */; };
		B5AD92A315FAD7310006B0DD /* chicken_06.png in Resources */ = {isa = PBXBuildFile; fileRef = B5AD929B15FAD7310006B0DD /* chicken_06.png */; };
		B5AD92A415FAD7310006B0DD /* chicken_07.png in Resources */ = {isa = PBXBuildFile; fileRef = B5AD929C15FAD7310006B0DD /* chicken_07.png */; };
		B5AD92A515FAD7310006B0DD /* chicken_08.png in Resources */ = {isa = PBXBuildFile; fileRef = B5AD929D15FAD7310006B0DD /* chicken_08.png */; };
		B5AD92A915FAE16A0006B0DD /* bucket_lvl1.png in Resources */ = {isa = PBXBuildFile; fileRef = B5AD92A615FAE16A0006B0DD /* bucket_lvl1.png */; };
		B5AD92AA15FAE16A0006B0DD /* bucket_lvl2.png in Resources */ = {isa = PBXBuildFile; fileRef = B5AD92A715FAE16A0006B0DD /* bucket_lvl2.png */; };
		B5AD92AB15FAE16A0006B0DD /* bucket_lvl3.png in Resources */ = {isa = PBXBuildFile; fileRef = B5AD92A815FAE16A0006B0DD /* bucket_lvl3.png */; };
		B5D5B72A15EFBFBC00C61120 /* berthold-city-light.ttf in Resources */ = {isa = PBXBuildFile; fileRef = B5D5B72915EFBFBC00C61120 /* berthold-city-light.ttf */; };
		B5D5B72D15EFC29900C61120 /* score.png in Resources */ = {isa = PBXBuildFile; fileRef = B5D5B72C15EFC29900C61120 /* score.png */; };
		B5D5B73915EFCDBC00C61120 /* Level_Easy_Background.mp3 in Resources */ = {isa = PBXBuildFile; fileRef = B5D5B72F15EFCDBC00C61120 /* Level_Easy_Background.mp3 */; };
		B5D5B73C15EFCDBC00C61120 /* Level_Hard_Background.mp3 in Resources */ = {isa = PBXBuildFile; fileRef = B5D5B73215EFCDBC00C61120 /* Level_Hard_Background.mp3 */; };
		B5D5B73F15EFCDBC00C61120 /* Level_Medium_Background.mp3 in Resources */ = {isa = PBXBuildFile; fileRef = B5D5B73515EFCDBC00C61120 /* Level_Medium_Background.mp3 */; };
		FA4784A715C1A3CC000AEC1B /* MMenu.png in Resources */ = {isa = PBXBuildFile; fileRef = FA4784A515C1A3CC000AEC1B /* MMenu.png */; };
		FAB1DDE215C1A72C004DA0C0 /* menu_quit_btn.png in Resources */ = {isa = PBXBuildFile; fileRef = FAB1DDE115C1A72C004DA0C0 /* menu_quit_btn.png */; };
		FAD0850C15CAD1FC00D9DA01 /* menu_medium_btn.png in Resources */ = {isa = PBXBuildFile; fileRef = FAD0850B15CAD1FC00D9DA01 /* menu_medium_btn.png */; };
		FAE9202915C01AFC00140A4C /* breeze_dark_R.png in Resources */ = {isa = PBXBuildFile; fileRef = FAE9202515C01AFC00140A4C /* breeze_dark_R.png */; };
		FAE9202C15C01AFC00140A4C /* close.png in Resources */ = {isa = PBXBuildFile; fileRef = FAE9202815C01AFC00140A4C /* close.png */; };
/* End PBXBuildFile section */

/* Begin PBXFileReference section */
		1D30AB110D05D00D00671497 /* Foundation.framework */ = {isa = PBXFileReference; lastKnownFileType = wrapper.framework; name = Foundation.framework; path = System/Library/Frameworks/Foundation.framework; sourceTree = SDKROOT; };
		1D3623240D0F684500981E51 /* ChickenTossAppDelegate.h */ = {isa = PBXFileReference; fileEncoding = 4; lastKnownFileType = sourcecode.c.h; path = ChickenTossAppDelegate.h; sourceTree = "<group>"; };
		1D3623250D0F684500981E51 /* ChickenTossAppDelegate.mm */ = {isa = PBXFileReference; fileEncoding = 4; lastKnownFileType = sourcecode.cpp.objcpp; path = ChickenTossAppDelegate.mm; sourceTree = "<group>"; };
		1D6058910D05DD3D006BFB54 /* ChickenToss.app */ = {isa = PBXFileReference; explicitFileType = wrapper.application; includeInIndex = 0; path = ChickenToss.app; sourceTree = BUILT_PRODUCTS_DIR; };
		1DF5F4DF0D08C38300B7A737 /* UIKit.framework */ = {isa = PBXFileReference; lastKnownFileType = wrapper.framework; name = UIKit.framework; path = System/Library/Frameworks/UIKit.framework; sourceTree = SDKROOT; };
		288765A40DF7441C002DB57D /* CoreGraphics.framework */ = {isa = PBXFileReference; lastKnownFileType = wrapper.framework; name = CoreGraphics.framework; path = System/Library/Frameworks/CoreGraphics.framework; sourceTree = SDKROOT; };
		28AD733E0D9D9553002E5188 /* MainWindow.xib */ = {isa = PBXFileReference; lastKnownFileType = file.xib; name = MainWindow.xib; path = ../../MainWindow.xib; sourceTree = "<group>"; };
		28D7ACF60DDB3853001CB0EB /* ChickenTossViewController.h */ = {isa = PBXFileReference; fileEncoding = 4; lastKnownFileType = sourcecode.c.h; path = ChickenTossViewController.h; sourceTree = "<group>"; };
		28D7ACF70DDB3853001CB0EB /* ChickenTossViewController.mm */ = {isa = PBXFileReference; fileEncoding = 4; lastKnownFileType = sourcecode.cpp.objcpp; path = ChickenTossViewController.mm; sourceTree = "<group>"; };
		29B97316FDCFA39411CA2CEA /* main.m */ = {isa = PBXFileReference; fileEncoding = 4; lastKnownFileType = sourcecode.c.objc; path = main.m; sourceTree = "<group>"; };
		32CA4F630368D1EE00C91783 /* ChickenToss_Prefix.pch */ = {isa = PBXFileReference; fileEncoding = 4; lastKnownFileType = sourcecode.c.h; path = ChickenToss_Prefix.pch; sourceTree = "<group>"; };
		84B3FEE11308643100E3126A /* AVFoundation.framework */ = {isa = PBXFileReference; lastKnownFileType = wrapper.framework; name = AVFoundation.framework; path = System/Library/Frameworks/AVFoundation.framework; sourceTree = SDKROOT; };
		84B44E7813057E89001BFA65 /* TrackMaker.cpp */ = {isa = PBXFileReference; fileEncoding = 4; lastKnownFileType = sourcecode.cpp.cpp; name = TrackMaker.cpp; path = Classes/TrackMaker.cpp; sourceTree = "<group>"; };
		84B44E7913057E89001BFA65 /* TrackMaker.h */ = {isa = PBXFileReference; fileEncoding = 4; lastKnownFileType = sourcecode.c.h; name = TrackMaker.h; path = Classes/TrackMaker.h; sourceTree = "<group>"; };
		84B5007C1305F4A4003FD791 /* AudioToolbox.framework */ = {isa = PBXFileReference; lastKnownFileType = wrapper.framework; name = AudioToolbox.framework; path = System/Library/Frameworks/AudioToolbox.framework; sourceTree = SDKROOT; };
		84D562ED131FC69A0038C890 /* EasyViewController.xib */ = {isa = PBXFileReference; lastKnownFileType = file.xib; path = EasyViewController.xib; sourceTree = "<group>"; };
		84D562EE131FC69A0038C890 /* HardViewController.xib */ = {isa = PBXFileReference; lastKnownFileType = file.xib; path = HardViewController.xib; sourceTree = "<group>"; };
		84D562F4131FC69A0038C890 /* arrow.png */ = {isa = PBXFileReference; lastKnownFileType = image.png; path = arrow.png; sourceTree = "<group>"; };
		84D56300131FC69A0038C890 /* menu_easy_button.png */ = {isa = PBXFileReference; lastKnownFileType = image.png; path = menu_easy_button.png; sourceTree = "<group>"; };
		84D56312131FC69A0038C890 /* menu_hard_button.png */ = {isa = PBXFileReference; lastKnownFileType = image.png; path = menu_hard_button.png; sourceTree = "<group>"; };
		84D56315131FC69A0038C890 /* Level1.png */ = {isa = PBXFileReference; lastKnownFileType = image.png; path = Level1.png; sourceTree = "<group>"; };
		84D56317131FC69A0038C890 /* Level2.png */ = {isa = PBXFileReference; lastKnownFileType = image.png; path = Level2.png; sourceTree = "<group>"; };
		84D5631A131FC69A0038C890 /* Level3.png */ = {isa = PBXFileReference; lastKnownFileType = image.png; path = Level3.png; sourceTree = "<group>"; };
		84D56338131FC69A0038C890 /* MediumViewController.xib */ = {isa = PBXFileReference; lastKnownFileType = file.xib; path = MediumViewController.xib; sourceTree = "<group>"; };
		84D5633A131FC69A0038C890 /* ChickenTossViewController.xib */ = {isa = PBXFileReference; lastKnownFileType = file.xib; path = ChickenTossViewController.xib; sourceTree = "<group>"; };
		8B7B56511310BD34008200F2 /* MediumViewController.h */ = {isa = PBXFileReference; fileEncoding = 4; lastKnownFileType = sourcecode.c.h; path = MediumViewController.h; sourceTree = "<group>"; };
		8B7B56521310BD34008200F2 /* MediumViewController.mm */ = {isa = PBXFileReference; fileEncoding = 4; lastKnownFileType = sourcecode.cpp.objcpp; path = MediumViewController.mm; sourceTree = "<group>"; };
		8B7B565D1310BECD008200F2 /* HardViewController.h */ = {isa = PBXFileReference; fileEncoding = 4; lastKnownFileType = sourcecode.c.h; path = HardViewController.h; sourceTree = "<group>"; };
		8B7B565E1310BECD008200F2 /* HardViewController.mm */ = {isa = PBXFileReference; fileEncoding = 4; lastKnownFileType = sourcecode.cpp.objcpp; path = HardViewController.mm; sourceTree = "<group>"; };
		8B7B56F71310C5AC008200F2 /* GameDefine.h */ = {isa = PBXFileReference; fileEncoding = 4; lastKnownFileType = sourcecode.c.h; path = GameDefine.h; sourceTree = "<group>"; };
		8B7F3AA81310B3860096455B /* EasyViewController.h */ = {isa = PBXFileReference; fileEncoding = 4; lastKnownFileType = sourcecode.c.h; path = EasyViewController.h; sourceTree = "<group>"; };
		8B7F3AA91310B3860096455B /* EasyViewController.mm */ = {isa = PBXFileReference; fileEncoding = 4; lastKnownFileType = sourcecode.cpp.objcpp; path = EasyViewController.mm; sourceTree = "<group>"; };
		8D1107310486CEB800E47090 /* ChickenToss-Info.plist */ = {isa = PBXFileReference; fileEncoding = 4; lastKnownFileType = text.plist.xml; path = "ChickenToss-Info.plist"; plistStructureDefinitionIdentifier = "com.apple.xcode.plist.structure-definition.iphone.info-plist"; sourceTree = "<group>"; };
		B503131615F0D010003711F0 /* BounceOut.mp3 */ = {isa = PBXFileReference; lastKnownFileType = audio.mp3; path = BounceOut.mp3; sourceTree = "<group>"; };
		B503131715F0D010003711F0 /* Level_Easy_BounceIn.mp3 */ = {isa = PBXFileReference; lastKnownFileType = audio.mp3; path = Level_Easy_BounceIn.mp3; sourceTree = "<group>"; };
		B503131815F0D010003711F0 /* Level_Easy_Miss.mp3 */ = {isa = PBXFileReference; lastKnownFileType = audio.mp3; path = Level_Easy_Miss.mp3; sourceTree = "<group>"; };
		B503131915F0D010003711F0 /* Level_Hard_BounceIn.wav */ = {isa = PBXFileReference; lastKnownFileType = audio.wav; path = Level_Hard_BounceIn.wav; sourceTree = "<group>"; };
		B503131A15F0D010003711F0 /* Level_Hard_Miss.wav */ = {isa = PBXFileReference; lastKnownFileType = audio.wav; path = Level_Hard_Miss.wav; sourceTree = "<group>"; };
		B503131B15F0D010003711F0 /* Level_Medium_BounceIn.mp3 */ = {isa = PBXFileReference; lastKnownFileType = audio.mp3; path = Level_Medium_BounceIn.mp3; sourceTree = "<group>"; };
		B503131C15F0D010003711F0 /* Level_Medium_Miss.mp3 */ = {isa = PBXFileReference; lastKnownFileType = audio.mp3; path = Level_Medium_Miss.mp3; sourceTree = "<group>"; };
		B509201915F1970700AA2D3E /* DogBark2Loud.mp3 */ = {isa = PBXFileReference; lastKnownFileType = audio.mp3; path = DogBark2Loud.mp3; sourceTree = "<group>"; };
		B509201A15F1970700AA2D3E /* GettingPrettyGood_1_Loud.mp3 */ = {isa = PBXFileReference; lastKnownFileType = audio.mp3; path = GettingPrettyGood_1_Loud.mp3; sourceTree = "<group>"; };
		B509201B15F1970700AA2D3E /* one_love_Loud.mp3 */ = {isa = PBXFileReference; lastKnownFileType = audio.mp3; path = one_love_Loud.mp3; sourceTree = "<group>"; };
		B509871715D752EE00D685DA /* Entitlements.plist */ = {isa = PBXFileReference; fileEncoding = 4; lastKnownFileType = text.plist.xml; path = Entitlements.plist; sourceTree = "<group>"; };
		B5419FC015D8F8140023AF51 /* breeze_dark_L.png */ = {isa = PBXFileReference; lastKnownFileType = image.png; path = breeze_dark_L.png; sourceTree = "<group>"; };
		B5960DA015FA37E800278783 /* tutorial_1.png */ = {isa = PBXFileReference; lastKnownFileType = image.png; path = tutorial_1.png; sourceTree = "<group>"; };
		B5960DA115FA37E800278783 /* tutorial_2.png */ = {isa = PBXFileReference; lastKnownFileType = image.png; path = tutorial_2.png; sourceTree = "<group>"; };
		B5960DA215FA37E800278783 /* tutorial_3.png */ = {isa = PBXFileReference; lastKnownFileType = image.png; path = tutorial_3.png; sourceTree = "<group>"; };
		B5AD929315FACD9E0006B0DD /* breeze_box.png */ = {isa = PBXFileReference; lastKnownFileType = image.png; path = breeze_box.png; sourceTree = "<group>"; };
		B5AD929615FAD7310006B0DD /* chicken_01.png */ = {isa = PBXFileReference; lastKnownFileType = image.png; path = chicken_01.png; sourceTree = "<group>"; };
		B5AD929715FAD7310006B0DD /* chicken_02.png */ = {isa = PBXFileReference; lastKnownFileType = image.png; path = chicken_02.png; sourceTree = "<group>"; };
		B5AD929815FAD7310006B0DD /* chicken_03.png */ = {isa = PBXFileReference; lastKnownFileType = image.png; path = chicken_03.png; sourceTree = "<group>"; };
		B5AD929915FAD7310006B0DD /* chicken_04.png */ = {isa = PBXFileReference; lastKnownFileType = image.png; path = chicken_04.png; sourceTree = "<group>"; };
		B5AD929A15FAD7310006B0DD /* chicken_05.png */ = {isa = PBXFileReference; lastKnownFileType = image.png; path = chicken_05.png; sourceTree = "<group>"; };
		B5AD929B15FAD7310006B0DD /* chicken_06.png */ = {isa = PBXFileReference; lastKnownFileType = image.png; path = chicken_06.png; sourceTree = "<group>"; };
		B5AD929C15FAD7310006B0DD /* chicken_07.png */ = {isa = PBXFileReference; lastKnownFileType = image.png; path = chicken_07.png; sourceTree = "<group>"; };
		B5AD929D15FAD7310006B0DD /* chicken_08.png */ = {isa = PBXFileReference; lastKnownFileType = image.png; path = chicken_08.png; sourceTree = "<group>"; };
		B5AD92A615FAE16A0006B0DD /* bucket_lvl1.png */ = {isa = PBXFileReference; lastKnownFileType = image.png; path = bucket_lvl1.png; sourceTree = "<group>"; };
		B5AD92A715FAE16A0006B0DD /* bucket_lvl2.png */ = {isa = PBXFileReference; lastKnownFileType = image.png; path = bucket_lvl2.png; sourceTree = "<group>"; };
		B5AD92A815FAE16A0006B0DD /* bucket_lvl3.png */ = {isa = PBXFileReference; lastKnownFileType = image.png; path = bucket_lvl3.png; sourceTree = "<group>"; };
		B5D5B72915EFBFBC00C61120 /* berthold-city-light.ttf */ = {isa = PBXFileReference; lastKnownFileType = file; name = "berthold-city-light.ttf"; path = "Resource/berthold-city-light.ttf"; sourceTree = SOURCE_ROOT; };
		B5D5B72C15EFC29900C61120 /* score.png */ = {isa = PBXFileReference; lastKnownFileType = image.png; path = score.png; sourceTree = "<group>"; };
		B5D5B72F15EFCDBC00C61120 /* Level_Easy_Background.mp3 */ = {isa = PBXFileReference; lastKnownFileType = audio.mp3; path = Level_Easy_Background.mp3; sourceTree = "<group>"; };
		B5D5B73215EFCDBC00C61120 /* Level_Hard_Background.mp3 */ = {isa = PBXFileReference; lastKnownFileType = audio.mp3; path = Level_Hard_Background.mp3; sourceTree = "<group>"; };
		B5D5B73515EFCDBC00C61120 /* Level_Medium_Background.mp3 */ = {isa = PBXFileReference; lastKnownFileType = audio.mp3; path = Level_Medium_Background.mp3; sourceTree = "<group>"; };
		FA4784A515C1A3CC000AEC1B /* MMenu.png */ = {isa = PBXFileReference; lastKnownFileType = image.png; path = MMenu.png; sourceTree = "<group>"; };
		FAB1DDE115C1A72C004DA0C0 /* menu_quit_btn.png */ = {isa = PBXFileReference; lastKnownFileType = image.png; path = menu_quit_btn.png; sourceTree = "<group>"; };
		FAD0850B15CAD1FC00D9DA01 /* menu_medium_btn.png */ = {isa = PBXFileReference; lastKnownFileType = image.png; path = menu_medium_btn.png; sourceTree = "<group>"; };
		FAE9202515C01AFC00140A4C /* breeze_dark_R.png */ = {isa = PBXFileReference; lastKnownFileType = image.png; path = breeze_dark_R.png; sourceTree = "<group>"; };
		FAE9202815C01AFC00140A4C /* close.png */ = {isa = PBXFileReference; lastKnownFileType = image.png; path = close.png; sourceTree = "<group>"; };
/* End PBXFileReference section */

/* Begin PBXFrameworksBuildPhase section */
		1D60588F0D05DD3D006BFB54 /* Frameworks */ = {
			isa = PBXFrameworksBuildPhase;
			buildActionMask = 2147483647;
			files = (
				1D60589F0D05DD5A006BFB54 /* Foundation.framework in Frameworks */,
				1DF5F4E00D08C38300B7A737 /* UIKit.framework in Frameworks */,
				288765A50DF7441C002DB57D /* CoreGraphics.framework in Frameworks */,
				84B5007D1305F4A4003FD791 /* AudioToolbox.framework in Frameworks */,
				84B3FEE21308643100E3126A /* AVFoundation.framework in Frameworks */,
			);
			runOnlyForDeploymentPostprocessing = 0;
		};
/* End PBXFrameworksBuildPhase section */

/* Begin PBXGroup section */
		080E96DDFE201D6D7F000001 /* Classes */ = {
			isa = PBXGroup;
			children = (
				B5D5B72915EFBFBC00C61120 /* berthold-city-light.ttf */,
				1D3623240D0F684500981E51 /* ChickenTossAppDelegate.h */,
				1D3623250D0F684500981E51 /* ChickenTossAppDelegate.mm */,
				28D7ACF60DDB3853001CB0EB /* ChickenTossViewController.h */,
				28D7ACF70DDB3853001CB0EB /* ChickenTossViewController.mm */,
				8B7F3AA81310B3860096455B /* EasyViewController.h */,
				8B7F3AA91310B3860096455B /* EasyViewController.mm */,
				8B7B56511310BD34008200F2 /* MediumViewController.h */,
				8B7B56521310BD34008200F2 /* MediumViewController.mm */,
				8B7B565D1310BECD008200F2 /* HardViewController.h */,
				8B7B565E1310BECD008200F2 /* HardViewController.mm */,
				8B7B56F71310C5AC008200F2 /* GameDefine.h */,
			);
			path = Classes;
			sourceTree = "<group>";
		};
		19C28FACFE9D520D11CA2CBB /* Products */ = {
			isa = PBXGroup;
			children = (
				1D6058910D05DD3D006BFB54 /* ChickenToss.app */,
			);
			name = Products;
			sourceTree = "<group>";
		};
		29B97314FDCFA39411CA2CEA /* CustomTemplate */ = {
			isa = PBXGroup;
			children = (
				84B44E7713057E74001BFA65 /* Object */,
				080E96DDFE201D6D7F000001 /* Classes */,
				29B97315FDCFA39411CA2CEA /* Other Sources */,
				29B97317FDCFA39411CA2CEA /* Resources */,
				29B97323FDCFA39411CA2CEA /* Frameworks */,
				19C28FACFE9D520D11CA2CBB /* Products */,
			);
			name = CustomTemplate;
			sourceTree = "<group>";
		};
		29B97315FDCFA39411CA2CEA /* Other Sources */ = {
			isa = PBXGroup;
			children = (
				32CA4F630368D1EE00C91783 /* ChickenToss_Prefix.pch */,
				29B97316FDCFA39411CA2CEA /* main.m */,
			);
			name = "Other Sources";
			sourceTree = "<group>";
		};
		29B97317FDCFA39411CA2CEA /* Resources */ = {
			isa = PBXGroup;
			children = (
				8D1107310486CEB800E47090 /* ChickenToss-Info.plist */,
				B509871715D752EE00D685DA /* Entitlements.plist */,
				84D562EA131FC69A0038C890 /* iPhone */,
				84D56221131FC6760038C890 /* Sound */,
			);
			name = Resources;
			sourceTree = "<group>";
		};
		29B97323FDCFA39411CA2CEA /* Frameworks */ = {
			isa = PBXGroup;
			children = (
				84B5007C1305F4A4003FD791 /* AudioToolbox.framework */,
				84B3FEE11308643100E3126A /* AVFoundation.framework */,
				288765A40DF7441C002DB57D /* CoreGraphics.framework */,
				1D30AB110D05D00D00671497 /* Foundation.framework */,
				1DF5F4DF0D08C38300B7A737 /* UIKit.framework */,
			);
			name = Frameworks;
			sourceTree = "<group>";
		};
		84B44E7713057E74001BFA65 /* Object */ = {
			isa = PBXGroup;
			children = (
				84B44E7813057E89001BFA65 /* TrackMaker.cpp */,
				84B44E7913057E89001BFA65 /* TrackMaker.h */,
			);
			name = Object;
			sourceTree = "<group>";
		};
		84D56221131FC6760038C890 /* Sound */ = {
			isa = PBXGroup;
			children = (
				B509201915F1970700AA2D3E /* DogBark2Loud.mp3 */,
				B509201A15F1970700AA2D3E /* GettingPrettyGood_1_Loud.mp3 */,
				B509201B15F1970700AA2D3E /* one_love_Loud.mp3 */,
				B503131615F0D010003711F0 /* BounceOut.mp3 */,
				B5D5B72F15EFCDBC00C61120 /* Level_Easy_Background.mp3 */,
				B503131715F0D010003711F0 /* Level_Easy_BounceIn.mp3 */,
				B503131815F0D010003711F0 /* Level_Easy_Miss.mp3 */,
				B5D5B73215EFCDBC00C61120 /* Level_Hard_Background.mp3 */,
				B503131915F0D010003711F0 /* Level_Hard_BounceIn.wav */,
				B503131A15F0D010003711F0 /* Level_Hard_Miss.wav */,
				B5D5B73515EFCDBC00C61120 /* Level_Medium_Background.mp3 */,
				B503131B15F0D010003711F0 /* Level_Medium_BounceIn.mp3 */,
				B503131C15F0D010003711F0 /* Level_Medium_Miss.mp3 */,
			);
			name = Sound;
			path = Resource/Sound;
			sourceTree = "<group>";
		};
		84D562EA131FC69A0038C890 /* iPhone */ = {
			isa = PBXGroup;
			children = (
				84D5633A131FC69A0038C890 /* ChickenTossViewController.xib */,
				84D562ED131FC69A0038C890 /* EasyViewController.xib */,
				84D562EE131FC69A0038C890 /* HardViewController.xib */,
				84D562EF131FC69A0038C890 /* Image */,
				28AD733E0D9D9553002E5188 /* MainWindow.xib */,
				84D56338131FC69A0038C890 /* MediumViewController.xib */,
			);
			name = iPhone;
			path = Resource/iPhone;
			sourceTree = "<group>";
		};
		84D562EF131FC69A0038C890 /* Image */ = {
			isa = PBXGroup;
			children = (
				84D562F4131FC69A0038C890 /* arrow.png */,
				B5AD929315FACD9E0006B0DD /* breeze_box.png */,
				B5419FC015D8F8140023AF51 /* breeze_dark_L.png */,
				FAE9202515C01AFC00140A4C /* breeze_dark_R.png */,
				B5AD92A615FAE16A0006B0DD /* bucket_lvl1.png */,
				B5AD92A715FAE16A0006B0DD /* bucket_lvl2.png */,
				B5AD92A815FAE16A0006B0DD /* bucket_lvl3.png */,
				B5AD929615FAD7310006B0DD /* chicken_01.png */,
				B5AD929715FAD7310006B0DD /* chicken_02.png */,
				B5AD929815FAD7310006B0DD /* chicken_03.png */,
				B5AD929915FAD7310006B0DD /* chicken_04.png */,
				B5AD929A15FAD7310006B0DD /* chicken_05.png */,
				B5AD929B15FAD7310006B0DD /* chicken_06.png */,
				B5AD929C15FAD7310006B0DD /* chicken_07.png */,
				B5AD929D15FAD7310006B0DD /* chicken_08.png */,
				FAE9202815C01AFC00140A4C /* close.png */,
				84D56315131FC69A0038C890 /* Level1.png */,
				84D56317131FC69A0038C890 /* Level2.png */,
				84D5631A131FC69A0038C890 /* Level3.png */,
				84D56300131FC69A0038C890 /* menu_easy_button.png */,
				84D56312131FC69A0038C890 /* menu_hard_button.png */,
				FAD0850B15CAD1FC00D9DA01 /* menu_medium_btn.png */,
				FAB1DDE115C1A72C004DA0C0 /* menu_quit_btn.png */,
				FA4784A515C1A3CC000AEC1B /* MMenu.png */,
				B5D5B72C15EFC29900C61120 /* score.png */,
				B5960DA015FA37E800278783 /* tutorial_1.png */,
				B5960DA115FA37E800278783 /* tutorial_2.png */,
				B5960DA215FA37E800278783 /* tutorial_3.png */,
			);
			path = Image;
			sourceTree = "<group>";
		};
/* End PBXGroup section */

/* Begin PBXNativeTarget section */
		1D6058900D05DD3D006BFB54 /* ChickenToss */ = {
			isa = PBXNativeTarget;
			buildConfigurationList = 1D6058960D05DD3E006BFB54 /* Build configuration list for PBXNativeTarget "ChickenToss" */;
			buildPhases = (
				1D60588D0D05DD3D006BFB54 /* Resources */,
				1D60588E0D05DD3D006BFB54 /* Sources */,
				1D60588F0D05DD3D006BFB54 /* Frameworks */,
			);
			buildRules = (
			);
			dependencies = (
			);
			name = ChickenToss;
			productName = PaperToss;
			productReference = 1D6058910D05DD3D006BFB54 /* ChickenToss.app */;
			productType = "com.apple.product-type.application";
		};
/* End PBXNativeTarget section */

/* Begin PBXProject section */
		29B97313FDCFA39411CA2CEA /* Project object */ = {
			isa = PBXProject;
			attributes = {
				LastUpgradeCheck = 0430;
			};
			buildConfigurationList = C01FCF4E08A954540054247B /* Build configuration list for PBXProject "ChickenToss" */;
			compatibilityVersion = "Xcode 3.2";
			developmentRegion = English;
			hasScannedForEncodings = 1;
			knownRegions = (
				English,
				Japanese,
				French,
				German,
			);
			mainGroup = 29B97314FDCFA39411CA2CEA /* CustomTemplate */;
			projectDirPath = "";
			projectRoot = "";
			targets = (
				1D6058900D05DD3D006BFB54 /* ChickenToss */,
			);
		};
/* End PBXProject section */

/* Begin PBXResourcesBuildPhase section */
		1D60588D0D05DD3D006BFB54 /* Resources */ = {
			isa = PBXResourcesBuildPhase;
			buildActionMask = 2147483647;
			files = (
				28AD733F0D9D9553002E5188 /* MainWindow.xib in Resources */,
				84D56342131FC69A0038C890 /* HardViewController.xib in Resources */,
				84D56347131FC69A0038C890 /* arrow.png in Resources */,
				84D56353131FC69A0038C890 /* menu_easy_button.png in Resources */,
				84D56365131FC69A0038C890 /* menu_hard_button.png in Resources */,
				84D56368131FC69A0038C890 /* Level1.png in Resources */,
				84D5636A131FC69A0038C890 /* Level2.png in Resources */,
				84D5636D131FC69A0038C890 /* Level3.png in Resources */,
				84D5638B131FC69A0038C890 /* MediumViewController.xib in Resources */,
				84D5638D131FC69A0038C890 /* ChickenTossViewController.xib in Resources */,
				FAE9202915C01AFC00140A4C /* breeze_dark_R.png in Resources */,
				FAE9202C15C01AFC00140A4C /* close.png in Resources */,
				FA4784A715C1A3CC000AEC1B /* MMenu.png in Resources */,
				FAB1DDE215C1A72C004DA0C0 /* menu_quit_btn.png in Resources */,
				FAD0850C15CAD1FC00D9DA01 /* menu_medium_btn.png in Resources */,
				B509871815D752EE00D685DA /* Entitlements.plist in Resources */,
				B5419FBF15D8EFED0023AF51 /* EasyViewController.xib in Resources */,
				B5419FC215D8F8140023AF51 /* breeze_dark_L.png in Resources */,
				B5D5B72A15EFBFBC00C61120 /* berthold-city-light.ttf in Resources */,
				B5D5B72D15EFC29900C61120 /* score.png in Resources */,
				B5D5B73915EFCDBC00C61120 /* Level_Easy_Background.mp3 in Resources */,
				B5D5B73C15EFCDBC00C61120 /* Level_Hard_Background.mp3 in Resources */,
				B5D5B73F15EFCDBC00C61120 /* Level_Medium_Background.mp3 in Resources */,
				B503131D15F0D010003711F0 /* BounceOut.mp3 in Resources */,
				B503131E15F0D010003711F0 /* Level_Easy_BounceIn.mp3 in Resources */,
				B503131F15F0D010003711F0 /* Level_Easy_Miss.mp3 in Resources */,
				B503132015F0D010003711F0 /* Level_Hard_BounceIn.wav in Resources */,
				B503132115F0D010003711F0 /* Level_Hard_Miss.wav in Resources */,
				B503132215F0D010003711F0 /* Level_Medium_BounceIn.mp3 in Resources */,
				B503132315F0D010003711F0 /* Level_Medium_Miss.mp3 in Resources */,
				B509201C15F1970700AA2D3E /* DogBark2Loud.mp3 in Resources */,
				B509201D15F1970700AA2D3E /* GettingPrettyGood_1_Loud.mp3 in Resources */,
				B509201E15F1970700AA2D3E /* one_love_Loud.mp3 in Resources */,
				B5960DA315FA37E800278783 /* tutorial_1.png in Resources */,
				B5960DA415FA37E800278783 /* tutorial_2.png in Resources */,
				B5960DA515FA37E800278783 /* tutorial_3.png in Resources */,
				B5AD929415FACD9E0006B0DD /* breeze_box.png in Resources */,
				B5AD929E15FAD7310006B0DD /* chicken_01.png in Resources */,
				B5AD929F15FAD7310006B0DD /* chicken_02.png in Resources */,
				B5AD92A015FAD7310006B0DD /* chicken_03.png in Resources */,
				B5AD92A115FAD7310006B0DD /* chicken_04.png in Resources */,
				B5AD92A215FAD7310006B0DD /* chicken_05.png in Resources */,
				B5AD92A315FAD7310006B0DD /* chicken_06.png in Resources */,
				B5AD92A415FAD7310006B0DD /* chicken_07.png in Resources */,
				B5AD92A515FAD7310006B0DD /* chicken_08.png in Resources */,
				B5AD92A915FAE16A0006B0DD /* bucket_lvl1.png in Resources */,
				B5AD92AA15FAE16A0006B0DD /* bucket_lvl2.png in Resources */,
				B5AD92AB15FAE16A0006B0DD /* bucket_lvl3.png in Resources */,
			);
			runOnlyForDeploymentPostprocessing = 0;
		};
/* End PBXResourcesBuildPhase section */

/* Begin PBXSourcesBuildPhase section */
		1D60588E0D05DD3D006BFB54 /* Sources */ = {
			isa = PBXSourcesBuildPhase;
			buildActionMask = 2147483647;
			files = (
				1D60589B0D05DD56006BFB54 /* main.m in Sources */,
				1D3623260D0F684500981E51 /* ChickenTossAppDelegate.mm in Sources */,
				28D7ACF80DDB3853001CB0EB /* ChickenTossViewController.mm in Sources */,
				8B7F3AAB1310B3860096455B /* EasyViewController.mm in Sources */,
				8B7B56541310BD34008200F2 /* MediumViewController.mm in Sources */,
				8B7B56601310BECD008200F2 /* HardViewController.mm in Sources */,
				84B44E7A13057E89001BFA65 /* TrackMaker.cpp in Sources */,
			);
			runOnlyForDeploymentPostprocessing = 0;
		};
/* End PBXSourcesBuildPhase section */

/* Begin XCBuildConfiguration section */
		1D6058940D05DD3E006BFB54 /* Debug */ = {
			isa = XCBuildConfiguration;
			buildSettings = {
				ALWAYS_SEARCH_USER_PATHS = NO;
				CODE_SIGN_IDENTITY = "";
				"CODE_SIGN_IDENTITY[sdk=iphoneos*]" = "iPhone Developer: Ricky La (78VLDASWCK)";
				COPY_PHASE_STRIP = NO;
				GCC_DYNAMIC_NO_PIC = NO;
				GCC_OPTIMIZATION_LEVEL = 0;
				GCC_PRECOMPILE_PREFIX_HEADER = YES;
				GCC_PREFIX_HEADER = ChickenToss_Prefix.pch;
				INFOPLIST_FILE = "ChickenToss-Info.plist";
				IPHONEOS_DEPLOYMENT_TARGET = 3.0;
				PRODUCT_NAME = ChickenToss;
				"PROVISIONING_PROFILE[sdk=iphoneos*]" = "F43A97FB-8A74-4E5E-A12A-0B1164BCDAED";
				TARGETED_DEVICE_FAMILY = 1;
			};
			name = Debug;
		};
		1D6058950D05DD3E006BFB54 /* Release */ = {
			isa = XCBuildConfiguration;
			buildSettings = {
				ALWAYS_SEARCH_USER_PATHS = NO;
				CODE_SIGN_IDENTITY = "";
				"CODE_SIGN_IDENTITY[sdk=iphoneos*]" = "";
				COPY_PHASE_STRIP = YES;
				GCC_PRECOMPILE_PREFIX_HEADER = YES;
				GCC_PREFIX_HEADER = ChickenToss_Prefix.pch;
				INFOPLIST_FILE = "ChickenToss-Info.plist";
				IPHONEOS_DEPLOYMENT_TARGET = 3.0;
				PRODUCT_NAME = ChickenToss;
				TARGETED_DEVICE_FAMILY = 1;
			};
			name = Release;
		};
		B509871415D7521B00D685DA /* AdHoc */ = {
			isa = XCBuildConfiguration;
			buildSettings = {
				ARCHS = "$(ARCHS_STANDARD_32_BIT)";
				CODE_SIGN_ENTITLEMENTS = Entitlements.plist;
				CODE_SIGN_IDENTITY = "";
				"CODE_SIGN_IDENTITY[sdk=iphoneos*]" = "iPhone Distribution: Relevant Mobile";
				GCC_C_LANGUAGE_STANDARD = c99;
				GCC_PREPROCESSOR_DEFINITIONS = (
					NDEBUG,
					"DISTRIBUTION_BUILD=1",
					"KK_TARGET=0x000F0",
				);
				GCC_WARN_ABOUT_RETURN_TYPE = YES;
				GCC_WARN_UNUSED_VARIABLE = YES;
				IPHONEOS_DEPLOYMENT_TARGET = 3.0;
				PRODUCT_NAME = "";
				"PROVISIONING_PROFILE[sdk=iphoneos*]" = "17FA4558-7A84-47FB-ADDD-E279B5B7C956";
				SDKROOT = iphoneos;
				SUPPORTED_PLATFORMS = "iphonesimulator iphoneos ipados";
				TARGETED_DEVICE_FAMILY = "1,2";
			};
			name = AdHoc;
		};
		B509871515D7521B00D685DA /* AdHoc */ = {
			isa = XCBuildConfiguration;
			buildSettings = {
				ALWAYS_SEARCH_USER_PATHS = NO;
				CODE_SIGN_IDENTITY = "";
				"CODE_SIGN_IDENTITY[sdk=iphoneos*]" = "iPhone Distribution: Relevant Mobile";
				COPY_PHASE_STRIP = YES;
				GCC_PRECOMPILE_PREFIX_HEADER = YES;
				GCC_PREFIX_HEADER = ChickenToss_Prefix.pch;
				INFOPLIST_FILE = "ChickenToss-Info.plist";
				IPHONEOS_DEPLOYMENT_TARGET = 3.0;
				PRODUCT_NAME = ChickenToss;
				"PROVISIONING_PROFILE[sdk=iphoneos*]" = "17FA4558-7A84-47FB-ADDD-E279B5B7C956";
				TARGETED_DEVICE_FAMILY = 1;
			};
			name = AdHoc;
		};
		C01FCF4F08A954540054247B /* Debug */ = {
			isa = XCBuildConfiguration;
			buildSettings = {
				ARCHS = "$(ARCHS_STANDARD_32_BIT)";
				CODE_SIGN_ENTITLEMENTS = Entitlements.plist;
				CODE_SIGN_IDENTITY = "";
				"CODE_SIGN_IDENTITY[sdk=iphoneos*]" = "iPhone Developer: Ricky La (78VLDASWCK)";
				GCC_C_LANGUAGE_STANDARD = c99;
				GCC_WARN_ABOUT_RETURN_TYPE = YES;
				GCC_WARN_UNUSED_VARIABLE = YES;
				IPHONEOS_DEPLOYMENT_TARGET = 3.0;
				PRODUCT_NAME = "";
				"PROVISIONING_PROFILE[sdk=iphoneos*]" = "F43A97FB-8A74-4E5E-A12A-0B1164BCDAED";
				SDKROOT = iphoneos;
				SUPPORTED_PLATFORMS = "iphonesimulator iphoneos ipados";
				TARGETED_DEVICE_FAMILY = "1,2";
			};
			name = Debug;
		};
		C01FCF5008A954540054247B /* Release */ = {
			isa = XCBuildConfiguration;
			buildSettings = {
				ARCHS = "$(ARCHS_STANDARD_32_BIT)";
				CODE_SIGN_ENTITLEMENTS = Entitlements.plist;
				CODE_SIGN_IDENTITY = "";
				"CODE_SIGN_IDENTITY[sdk=iphoneos*]" = "";
				GCC_C_LANGUAGE_STANDARD = c99;
				GCC_WARN_ABOUT_RETURN_TYPE = YES;
				GCC_WARN_UNUSED_VARIABLE = YES;
				IPHONEOS_DEPLOYMENT_TARGET = 3.0;
				PRODUCT_NAME = "";
				SDKROOT = iphoneos;
				SUPPORTED_PLATFORMS = "iphonesimulator iphoneos ipados";
				TARGETED_DEVICE_FAMILY = "1,2";
			};
			name = Release;
		};
/* End XCBuildConfiguration section */

/* Begin XCConfigurationList section */
		1D6058960D05DD3E006BFB54 /* Build configuration list for PBXNativeTarget "ChickenToss" */ = {
			isa = XCConfigurationList;
			buildConfigurations = (
				1D6058940D05DD3E006BFB54 /* Debug */,
				1D6058950D05DD3E006BFB54 /* Release */,
				B509871515D7521B00D685DA /* AdHoc */,
			);
			defaultConfigurationIsVisible = 0;
			defaultConfigurationName = AdHoc;
		};
		C01FCF4E08A954540054247B /* Build configuration list for PBXProject "ChickenToss" */ = {
			isa = XCConfigurationList;
			buildConfigurations = (
				C01FCF4F08A954540054247B /* Debug */,
				C01FCF5008A954540054247B /* Release */,
				B509871415D7521B00D685DA /* AdHoc */,
			);
			defaultConfigurationIsVisible = 0;
			defaultConfigurationName = AdHoc;
		};
/* End XCConfigurationList section */
	};
	rootObject = 29B97313FDCFA39411CA2CEA /* Project object */;
}
